{
    "_readme": [
        "This file locks the dependencies of your project to a known state",
        "Read more about it at https://getcomposer.org/doc/01-basic-usage.md#composer-lock-the-lock-file",
        "This file is @generated automatically"
    ],
    "hash": "091143a86ae7198a1f88a93b0130eda6",
    "content-hash": "9f0b4bb252b5f24f193790adea3e815b",
    "packages": [
        {
            "name": "cruxoft/bolt-core",
            "version": "v0.1.1",
            "source": {
                "type": "git",
                "url": "https://github.com/irwtdvoys/bolt-core.git",
                "reference": "ad761a3c512dfdf526bd310612ca1ae16d11d77e"
            },
            "dist": {
                "type": "zip",
                "url": "https://api.github.com/repos/irwtdvoys/bolt-core/zipball/ad761a3c512dfdf526bd310612ca1ae16d11d77e",
                "reference": "ad761a3c512dfdf526bd310612ca1ae16d11d77e",
                "shasum": ""
            },
            "require": {
                "php": ">=5.6"
            },
            "require-dev": {
                "phpunit/phpunit": "4.8.*"
            },
            "type": "library",
            "autoload": {
                "psr-4": {
                    "Bolt\\": "src/Bolt/"
                }
            },
            "notification-url": "https://packagist.org/downloads/",
            "license": [
                "Apache-2.0"
            ],
            "authors": [
                {
                    "name": "Steve Adams",
                    "role": "Developer"
                }
            ],
            "description": "Core elements for the Bolt Framework",
            "keywords": [
                "framework"
            ],
            "time": "2016-04-03 21:29:10"
        }
    ],
    "packages-dev": [],
    "aliases": [],
    "minimum-stability": "stable",
    "stability-flags": [],
    "prefer-stable": false,
    "prefer-lowest": false,
    "platform": {
        "php": ">=5.6"
    },
    "platform-dev": []
}
